
Microsoft Visual Studio Solution File, Format Version 10.00
# Visual Studio 2008
Project("{FAE04EC0-301F-11D3-BF4B-00C04F79EFBC}") = "QL_HS", "QL_HS\QL_HS.csproj", "{6CC571FF-FF22-4EFA-BC2B-07BEA327B737}"
EndProject
Global
	GlobalSection(SolutionConfigurationPlatforms) = preSolution
		Debug|Any CPU = Debug|Any CPU
		Release|Any CPU = Release|Any CPU
	EndGlobalSection
	GlobalSection(ProjectConfigurationPlatforms) = postSolution
		{6CC571FF-FF22-4EFA-BC2B-07BEA327B737}.Debug|Any CPU.ActiveCfg = Debug|Any CPU
		{6CC571FF-FF22-4EFA-BC2B-07BEA327B737}.Debug|Any CPU.Build.0 = Debug|Any CPU
		{6CC571FF-FF22-4EFA-BC2B-07BEA327B737}.Release|Any CPU.ActiveCfg = Release|Any CPU
		{6CC571FF-FF22-4EFA-BC2B-07BEA327B737}.Release|Any CPU.Build.0 = Release|Any CPU
	EndGlobalSection
	GlobalSection(SolutionProperties) = preSolution
		HideSolutionNode = FALSE
	EndGlobalSection
EndGlobal
